# @generated by Move, please check-in and do not edit manually.

[move]
version = 3
manifest_digest = "976FF0886C8BD08DD7CAAC740C08450BBB9C2E7511E88BCC2A8F19B29F8539B7"
deps_digest = "52B406A7A21811BEF51751CF88DA0E76DAEFFEAC888D4F4060B1A72BBE7D8D35"
dependencies = [
  { id = "Bridge", name = "Bridge" },
  { id = "DeepBook", name = "DeepBook" },
  { id = "MoveStdlib", name = "MoveStdlib" },
  { id = "Sui", name = "Sui" },
  { id = "SuiSystem", name = "SuiSystem" },
  { id = "chapter_1", name = "chapter_1" },
]

[[move.package]]
id = "Bridge"
source = { git = "https://github.com/MystenLabs/sui.git", rev = "9c04e1840eb5", subdir = "crates/sui-framework/packages/bridge" }

dependencies = [
  { id = "MoveStdlib", name = "MoveStdlib" },
  { id = "Sui", name = "Sui" },
  { id = "SuiSystem", name = "SuiSystem" },
]

[[move.package]]
id = "DeepBook"
source = { git = "https://github.com/MystenLabs/sui.git", rev = "9c04e1840eb5", subdir = "crates/sui-framework/packages/deepbook" }

dependencies = [
  { id = "MoveStdlib", name = "MoveStdlib" },
  { id = "Sui", name = "Sui" },
]

[[move.package]]
id = "MoveStdlib"
source = { git = "https://github.com/MystenLabs/sui.git", rev = "9c04e1840eb5", subdir = "crates/sui-framework/packages/move-stdlib" }

[[move.package]]
id = "Sui"
source = { git = "https://github.com/MystenLabs/sui.git", rev = "9c04e1840eb5", subdir = "crates/sui-framework/packages/sui-framework" }

dependencies = [
  { id = "MoveStdlib", name = "MoveStdlib" },
]

[[move.package]]
id = "SuiSystem"
source = { git = "https://github.com/MystenLabs/sui.git", rev = "9c04e1840eb5", subdir = "crates/sui-framework/packages/sui-system" }

dependencies = [
  { id = "MoveStdlib", name = "MoveStdlib" },
  { id = "Sui", name = "Sui" },
]

[[move.package]]
id = "chapter_1"
source = { local = "../chapter_1" }

dependencies = [
  { id = "Bridge", name = "Bridge" },
  { id = "DeepBook", name = "DeepBook" },
  { id = "MoveStdlib", name = "MoveStdlib" },
  { id = "Sui", name = "Sui" },
  { id = "SuiSystem", name = "SuiSystem" },
]

[move.toolchain-version]
compiler-version = "1.45.2"
edition = "2024.beta"
flavor = "sui"

[env]

[env.testnet]
chain-id = "4c78adac"
original-published-id = "0xef6b4139ec1b0fda23e06c4a30c9e91150b72c38530e4517152e591001c5c433"
latest-published-id = "0xef6b4139ec1b0fda23e06c4a30c9e91150b72c38530e4517152e591001c5c433"
published-version = "1"
