# @generated by Move, please check-in and do not edit manually.

[move]
version = 3
manifest_digest = "41B1BC599D72458FCE68DF56B172DFBCD09C05B49665ABB70B6C035BC3E63109"
deps_digest = "F8BBB0CCB2491CA29A3DF03D6F92277A4F3574266507ACD77214D37ECA3F3082"
dependencies = [
  { id = "Sui", name = "Sui" },
]

[[move.package]]
id = "MoveStdlib"
source = { git = "https://github.com/MystenLabs/sui.git", rev = "framework/testnet", subdir = "crates/sui-framework/packages/move-stdlib" }

[[move.package]]
id = "Sui"
source = { git = "https://github.com/MystenLabs/sui.git", rev = "framework/testnet", subdir = "crates/sui-framework/packages/sui-framework" }

dependencies = [
  { id = "MoveStdlib", name = "MoveStdlib" },
]

[move.toolchain-version]
compiler-version = "1.49.1"
edition = "2024"
flavor = "sui"

[env]

[env.testnet]
chain-id = "4c78adac"
original-published-id = "0xadd1e199b576244c37017c32d48309c94bf378ff8df591718936c2639eb94c08"
latest-published-id = "0xadd1e199b576244c37017c32d48309c94bf378ff8df591718936c2639eb94c08"
published-version = "1"

[env.devnet]
chain-id = "aba3e445"
original-published-id = "0x312ecd78c064ad97dcc1b1d179f68dfae233102c8a5491af198361b5f817fe80"
latest-published-id = "0x312ecd78c064ad97dcc1b1d179f68dfae233102c8a5491af198361b5f817fe80"
published-version = "1"
